
Microsoft Visual Studio Solution File, Format Version 12.00
# Visual Studio Version 16
VisualStudioVersion = 16.0.32802.440
MinimumVisualStudioVersion = 10.0.40219.1
Project("{8BC9CEB8-8B4A-11D0-8D11-00A0C91BC942}") = "Project1", "Project1\Project1.vcxproj", "{0BDE15F6-AF2C-4F6B-AEEE-2B21F5D94720}"
EndProject
Global
	GlobalSection(SolutionConfigurationPlatforms) = preSolution
		Debug|x64 = Debug|x64
		Debug|x86 = Debug|x86
		Release|x64 = Release|x64
		Release|x86 = Release|x86
	EndGlobalSection
	GlobalSection(ProjectConfigurationPlatforms) = postSolution
		{0BDE15F6-AF2C-4F6B-AEEE-2B21F5D94720}.Debug|x64.ActiveCfg = Debug|x64
		{0BDE15F6-AF2C-4F6B-AEEE-2B21F5D94720}.Debug|x64.Build.0 = Debug|x64
		{0BDE15F6-AF2C-4F6B-AEEE-2B21F5D94720}.Debug|x86.ActiveCfg = Debug|Win32
		{0BDE15F6-AF2C-4F6B-AEEE-2B21F5D94720}.Debug|x86.Build.0 = Debug|Win32
		{0BDE15F6-AF2C-4F6B-AEEE-2B21F5D94720}.Release|x64.ActiveCfg = Release|x64
		{0BDE15F6-AF2C-4F6B-AEEE-2B21F5D94720}.Release|x64.Build.0 = Release|x64
		{0BDE15F6-AF2C-4F6B-AEEE-2B21F5D94720}.Release|x86.ActiveCfg = Release|Win32
		{0BDE15F6-AF2C-4F6B-AEEE-2B21F5D94720}.Release|x86.Build.0 = Release|Win32
	EndGlobalSection
	GlobalSection(SolutionProperties) = preSolution
		HideSolutionNode = FALSE
	EndGlobalSection
	GlobalSection(ExtensibilityGlobals) = postSolution
		SolutionGuid = {B730A01D-61C0-4F90-9278-D710D63A70B8}
	EndGlobalSection
EndGlobal
